
Microsoft Visual Studio Solution File, Format Version 12.00
# Visual Studio Version 16
VisualStudioVersion = 16.0.30907.101
MinimumVisualStudioVersion = 10.0.40219.1
Project("{FAE04EC0-301F-11D3-BF4B-00C04F79EFBC}") = "GitHubTutorialWebApp1", "GitHubTutorialWebApp1\GitHubTutorialWebApp1.csproj", "{6E7D47D5-E1C9-4C15-9738-1E0DD9FBF2E4}"
EndProject
Global
	GlobalSection(SolutionConfigurationPlatforms) = preSolution
		Debug|Any CPU = Debug|Any CPU
		Release|Any CPU = Release|Any CPU
	EndGlobalSection
	GlobalSection(ProjectConfigurationPlatforms) = postSolution
		{6E7D47D5-E1C9-4C15-9738-1E0DD9FBF2E4}.Debug|Any CPU.ActiveCfg = Debug|Any CPU
		{6E7D47D5-E1C9-4C15-9738-1E0DD9FBF2E4}.Debug|Any CPU.Build.0 = Debug|Any CPU
		{6E7D47D5-E1C9-4C15-9738-1E0DD9FBF2E4}.Release|Any CPU.ActiveCfg = Release|Any CPU
		{6E7D47D5-E1C9-4C15-9738-1E0DD9FBF2E4}.Release|Any CPU.Build.0 = Release|Any CPU
	EndGlobalSection
	GlobalSection(SolutionProperties) = preSolution
		HideSolutionNode = FALSE
	EndGlobalSection
	GlobalSection(ExtensibilityGlobals) = postSolution
		SolutionGuid = {ED1D2292-8EA6-4384-AD56-BDFBDC79D464}
	EndGlobalSection
EndGlobal
